
Microsoft Visual Studio Solution File, Format Version 12.00
# Visual Studio 2012
Project("{8BC9CEB8-8B4A-11D0-8D11-00A0C91BC942}") = "BasicsCPP", "BasicsCPP\BasicsCPP.vcxproj", "{408E3B13-172F-4890-95C6-4E94A1E17204}"
EndProject
Global
	GlobalSection(SolutionConfigurationPlatforms) = preSolution
		Debug|Win32 = Debug|Win32
		Release|Win32 = Release|Win32
	EndGlobalSection
	GlobalSection(ProjectConfigurationPlatforms) = postSolution
		{408E3B13-172F-4890-95C6-4E94A1E17204}.Debug|Win32.ActiveCfg = Debug|Win32
		{408E3B13-172F-4890-95C6-4E94A1E17204}.Debug|Win32.Build.0 = Debug|Win32
		{408E3B13-172F-4890-95C6-4E94A1E17204}.Release|Win32.ActiveCfg = Release|Win32
		{408E3B13-172F-4890-95C6-4E94A1E17204}.Release|Win32.Build.0 = Release|Win32
	EndGlobalSection
	GlobalSection(SolutionProperties) = preSolution
		HideSolutionNode = FALSE
	EndGlobalSection
EndGlobal
